// !$*UTF8*$!
{
	archiveVersion = 1;
	classes = {
	};
	objectVersion = 50;
	objects = {

/* Begin PBXBuildFile section */
		3A2D95DF21B57B4D00960864 /* APIManager.swift in Sources */ = {isa = PBXBuildFile; fileRef = 3A2D95DE21B57B4D00960864 /* APIManager.swift */; };
		3A2D95E121B57C5300960864 /* RestaurantAPIManager.swift in Sources */ = {isa = PBXBuildFile; fileRef = 3A2D95E021B57C5300960864 /* RestaurantAPIManager.swift */; };
		3A2D95E321B5849100960864 /* ErrorManager.swift in Sources */ = {isa = PBXBuildFile; fileRef = 3A2D95E221B5849100960864 /* ErrorManager.swift */; };
		3A2D95E521B587F200960864 /* RestaurantAfisha.swift in Sources */ = {isa = PBXBuildFile; fileRef = 3A2D95E421B587F200960864 /* RestaurantAfisha.swift */; };
		3A2D95E721B7BB6D00960864 /* AfishaTableViewCell.swift in Sources */ = {isa = PBXBuildFile; fileRef = 3A2D95E621B7BB6D00960864 /* AfishaTableViewCell.swift */; };
		3A479A18219DC45200658192 /* EateryDetailViewController.swift in Sources */ = {isa = PBXBuildFile; fileRef = 3A479A17219DC45200658192 /* EateryDetailViewController.swift */; };
		3A479A1C219DDB1300658192 /* EateryDetailTableViewCell.swift in Sources */ = {isa = PBXBuildFile; fileRef = 3A479A1B219DDB1300658192 /* EateryDetailTableViewCell.swift */; };
		3A479A1F219E2E5300658192 /* RateViewController.swift in Sources */ = {isa = PBXBuildFile; fileRef = 3A479A1E219E2E5300658192 /* RateViewController.swift */; };
		3A479A21219EC84500658192 /* MapViewController.swift in Sources */ = {isa = PBXBuildFile; fileRef = 3A479A20219EC84500658192 /* MapViewController.swift */; };
		3A479A24219EC90F00658192 /* MapKit.framework in Frameworks */ = {isa = PBXBuildFile; fileRef = 3A479A23219EC90F00658192 /* MapKit.framework */; };
		3A479A26219EE13D00658192 /* NewEateryTableViewController.swift in Sources */ = {isa = PBXBuildFile; fileRef = 3A479A25219EE13D00658192 /* NewEateryTableViewController.swift */; };
		3A4C49ED21C2DC8000E5757A /* AfishaDetailViewController.swift in Sources */ = {isa = PBXBuildFile; fileRef = 3A4C49EC21C2DC8000E5757A /* AfishaDetailViewController.swift */; };
		3A7225A8219B1704009B65AE /* EateriesTableViewCell.swift in Sources */ = {isa = PBXBuildFile; fileRef = 3A7225A7219B1704009B65AE /* EateriesTableViewCell.swift */; };
		3A7CE16521A0410800A82E77 /* CoreDataStack.swift in Sources */ = {isa = PBXBuildFile; fileRef = 3A7CE16421A0410800A82E77 /* CoreDataStack.swift */; };
		3A7CE16821A044D900A82E77 /* Eateries.xcdatamodeld in Sources */ = {isa = PBXBuildFile; fileRef = 3A7CE16621A044D900A82E77 /* Eateries.xcdatamodeld */; };
		3A7CE16A21A47FDD00A82E77 /* ContentViewController.swift in Sources */ = {isa = PBXBuildFile; fileRef = 3A7CE16921A47FDD00A82E77 /* ContentViewController.swift */; };
		3A7CE16C21A47FFB00A82E77 /* PageViewController.swift in Sources */ = {isa = PBXBuildFile; fileRef = 3A7CE16B21A47FFB00A82E77 /* PageViewController.swift */; };
		3A7CE17021A4B44A00A82E77 /* AboutUsTableViewController.swift in Sources */ = {isa = PBXBuildFile; fileRef = 3A7CE16F21A4B44A00A82E77 /* AboutUsTableViewController.swift */; };
		3A7CE17221A4BA2A00A82E77 /* WebViewController.swift in Sources */ = {isa = PBXBuildFile; fileRef = 3A7CE17121A4BA2A00A82E77 /* WebViewController.swift */; };
		3A7CE17421A4C44700A82E77 /* AfishaViewController.swift in Sources */ = {isa = PBXBuildFile; fileRef = 3A7CE17321A4C44700A82E77 /* AfishaViewController.swift */; };
		3ACDA7E32199E437007019FC /* AppDelegate.swift in Sources */ = {isa = PBXBuildFile; fileRef = 3ACDA7E22199E437007019FC /* AppDelegate.swift */; };
		3ACDA7E82199E437007019FC /* Main.storyboard in Resources */ = {isa = PBXBuildFile; fileRef = 3ACDA7E62199E437007019FC /* Main.storyboard */; };
		3ACDA7EA2199E438007019FC /* Assets.xcassets in Resources */ = {isa = PBXBuildFile; fileRef = 3ACDA7E92199E438007019FC /* Assets.xcassets */; };
		3ACDA7ED2199E438007019FC /* LaunchScreen.storyboard in Resources */ = {isa = PBXBuildFile; fileRef = 3ACDA7EB2199E438007019FC /* LaunchScreen.storyboard */; };
		3ACDA7F52199E510007019FC /* EateriesTableViewController.swift in Sources */ = {isa = PBXBuildFile; fileRef = 3ACDA7F42199E510007019FC /* EateriesTableViewController.swift */; };
		D1F726214A502D599A6A59B6 /* Pods_Eateries.framework in Frameworks */ = {isa = PBXBuildFile; fileRef = 32CA19C57221E8A7FAE66946 /* Pods_Eateries.framework */; };
/* End PBXBuildFile section */

/* Begin PBXFileReference section */
		32CA19C57221E8A7FAE66946 /* Pods_Eateries.framework */ = {isa = PBXFileReference; explicitFileType = wrapper.framework; includeInIndex = 0; path = Pods_Eateries.framework; sourceTree = BUILT_PRODUCTS_DIR; };
		3A2D95DE21B57B4D00960864 /* APIManager.swift */ = {isa = PBXFileReference; lastKnownFileType = sourcecode.swift; path = APIManager.swift; sourceTree = "<group>"; };
		3A2D95E021B57C5300960864 /* RestaurantAPIManager.swift */ = {isa = PBXFileReference; lastKnownFileType = sourcecode.swift; path = RestaurantAPIManager.swift; sourceTree = "<group>"; };
		3A2D95E221B5849100960864 /* ErrorManager.swift */ = {isa = PBXFileReference; lastKnownFileType = sourcecode.swift; path = ErrorManager.swift; sourceTree = "<group>"; };
		3A2D95E421B587F200960864 /* RestaurantAfisha.swift */ = {isa = PBXFileReference; lastKnownFileType = sourcecode.swift; path = RestaurantAfisha.swift; sourceTree = "<group>"; };
		3A2D95E621B7BB6D00960864 /* AfishaTableViewCell.swift */ = {isa = PBXFileReference; lastKnownFileType = sourcecode.swift; path = AfishaTableViewCell.swift; sourceTree = "<group>"; };
		3A479A17219DC45200658192 /* EateryDetailViewController.swift */ = {isa = PBXFileReference; lastKnownFileType = sourcecode.swift; path = EateryDetailViewController.swift; sourceTree = "<group>"; };
		3A479A1B219DDB1300658192 /* EateryDetailTableViewCell.swift */ = {isa = PBXFileReference; lastKnownFileType = sourcecode.swift; path = EateryDetailTableViewCell.swift; sourceTree = "<group>"; };
		3A479A1E219E2E5300658192 /* RateViewController.swift */ = {isa = PBXFileReference; lastKnownFileType = sourcecode.swift; path = RateViewController.swift; sourceTree = "<group>"; };
		3A479A20219EC84500658192 /* MapViewController.swift */ = {isa = PBXFileReference; lastKnownFileType = sourcecode.swift; path = MapViewController.swift; sourceTree = "<group>"; };
		3A479A23219EC90F00658192 /* MapKit.framework */ = {isa = PBXFileReference; lastKnownFileType = wrapper.framework; name = MapKit.framework; path = System/Library/Frameworks/MapKit.framework; sourceTree = SDKROOT; };
		3A479A25219EE13D00658192 /* NewEateryTableViewController.swift */ = {isa = PBXFileReference; lastKnownFileType = sourcecode.swift; path = NewEateryTableViewController.swift; sourceTree = "<group>"; };
		3A4C49EC21C2DC8000E5757A /* AfishaDetailViewController.swift */ = {isa = PBXFileReference; lastKnownFileType = sourcecode.swift; path = AfishaDetailViewController.swift; sourceTree = "<group>"; };
		3A7225A7219B1704009B65AE /* EateriesTableViewCell.swift */ = {isa = PBXFileReference; lastKnownFileType = sourcecode.swift; path = EateriesTableViewCell.swift; sourceTree = "<group>"; };
		3A7CE16421A0410800A82E77 /* CoreDataStack.swift */ = {isa = PBXFileReference; lastKnownFileType = sourcecode.swift; path = CoreDataStack.swift; sourceTree = "<group>"; };
		3A7CE16721A044D900A82E77 /* Eateries.xcdatamodel */ = {isa = PBXFileReference; lastKnownFileType = wrapper.xcdatamodel; path = Eateries.xcdatamodel; sourceTree = "<group>"; };
		3A7CE16921A47FDD00A82E77 /* ContentViewController.swift */ = {isa = PBXFileReference; lastKnownFileType = sourcecode.swift; path = ContentViewController.swift; sourceTree = "<group>"; };
		3A7CE16B21A47FFB00A82E77 /* PageViewController.swift */ = {isa = PBXFileReference; lastKnownFileType = sourcecode.swift; path = PageViewController.swift; sourceTree = "<group>"; };
		3A7CE16F21A4B44A00A82E77 /* AboutUsTableViewController.swift */ = {isa = PBXFileReference; lastKnownFileType = sourcecode.swift; path = AboutUsTableViewController.swift; sourceTree = "<group>"; };
		3A7CE17121A4BA2A00A82E77 /* WebViewController.swift */ = {isa = PBXFileReference; lastKnownFileType = sourcecode.swift; path = WebViewController.swift; sourceTree = "<group>"; };
		3A7CE17321A4C44700A82E77 /* AfishaViewController.swift */ = {isa = PBXFileReference; lastKnownFileType = sourcecode.swift; path = AfishaViewController.swift; sourceTree = "<group>"; };
		3ACDA7DF2199E437007019FC /* Eateries.app */ = {isa = PBXFileReference; explicitFileType = wrapper.application; includeInIndex = 0; path = Eateries.app; sourceTree = BUILT_PRODUCTS_DIR; };
		3ACDA7E22199E437007019FC /* AppDelegate.swift */ = {isa = PBXFileReference; lastKnownFileType = sourcecode.swift; path = AppDelegate.swift; sourceTree = "<group>"; };
		3ACDA7E72199E437007019FC /* Base */ = {isa = PBXFileReference; lastKnownFileType = file.storyboard; name = Base; path = Base.lproj/Main.storyboard; sourceTree = "<group>"; };
		3ACDA7E92199E438007019FC /* Assets.xcassets */ = {isa = PBXFileReference; lastKnownFileType = folder.assetcatalog; path = Assets.xcassets; sourceTree = "<group>"; };
		3ACDA7EC2199E438007019FC /* Base */ = {isa = PBXFileReference; lastKnownFileType = file.storyboard; name = Base; path = Base.lproj/LaunchScreen.storyboard; sourceTree = "<group>"; };
		3ACDA7EE2199E438007019FC /* Info.plist */ = {isa = PBXFileReference; lastKnownFileType = text.plist.xml; path = Info.plist; sourceTree = "<group>"; };
		3ACDA7F42199E510007019FC /* EateriesTableViewController.swift */ = {isa = PBXFileReference; lastKnownFileType = sourcecode.swift; path = EateriesTableViewController.swift; sourceTree = "<group>"; };
		4CD4CF5B1690E5522445682A /* Pods-Eateries.debug.xcconfig */ = {isa = PBXFileReference; includeInIndex = 1; lastKnownFileType = text.xcconfig; name = "Pods-Eateries.debug.xcconfig"; path = "Pods/Target Support Files/Pods-Eateries/Pods-Eateries.debug.xcconfig"; sourceTree = "<group>"; };
		FB35B36251F0BE23C6CB108C /* Pods-Eateries.release.xcconfig */ = {isa = PBXFileReference; includeInIndex = 1; lastKnownFileType = text.xcconfig; name = "Pods-Eateries.release.xcconfig"; path = "Pods/Target Support Files/Pods-Eateries/Pods-Eateries.release.xcconfig"; sourceTree = "<group>"; };
/* End PBXFileReference section */

/* Begin PBXFrameworksBuildPhase section */
		3ACDA7DC2199E437007019FC /* Frameworks */ = {
			isa = PBXFrameworksBuildPhase;
			buildActionMask = 2147483647;
			files = (
				3A479A24219EC90F00658192 /* MapKit.framework in Frameworks */,
				D1F726214A502D599A6A59B6 /* Pods_Eateries.framework in Frameworks */,
			);
			runOnlyForDeploymentPostprocessing = 0;
		};
/* End PBXFrameworksBuildPhase section */

/* Begin PBXGroup section */
		3A2D95E921B7BD3700960864 /* Afisha */ = {
			isa = PBXGroup;
			children = (
				3A4C49EC21C2DC8000E5757A /* AfishaDetailViewController.swift */,
				3A7CE17321A4C44700A82E77 /* AfishaViewController.swift */,
				3A2D95E621B7BB6D00960864 /* AfishaTableViewCell.swift */,
				3A2D95DE21B57B4D00960864 /* APIManager.swift */,
				3A2D95E021B57C5300960864 /* RestaurantAPIManager.swift */,
				3A2D95E421B587F200960864 /* RestaurantAfisha.swift */,
			);
			path = Afisha;
			sourceTree = "<group>";
		};
		3A479A1D219DDB2C00658192 /* Detail */ = {
			isa = PBXGroup;
			children = (
				3A479A17219DC45200658192 /* EateryDetailViewController.swift */,
				3A479A1B219DDB1300658192 /* EateryDetailTableViewCell.swift */,
			);
			path = Detail;
			sourceTree = "<group>";
		};
		3A479A22219EC90F00658192 /* Frameworks */ = {
			isa = PBXGroup;
			children = (
				3A479A23219EC90F00658192 /* MapKit.framework */,
				32CA19C57221E8A7FAE66946 /* Pods_Eateries.framework */,
			);
			name = Frameworks;
			sourceTree = "<group>";
		};
		3A7CE16E21A4802700A82E77 /* Page */ = {
			isa = PBXGroup;
			children = (
				3A7CE16921A47FDD00A82E77 /* ContentViewController.swift */,
				3A7CE16B21A47FFB00A82E77 /* PageViewController.swift */,
			);
			path = Page;
			sourceTree = "<group>";
		};
		3ACDA7D62199E437007019FC = {
			isa = PBXGroup;
			children = (
				3ACDA7E12199E437007019FC /* Eateries */,
				3ACDA7E02199E437007019FC /* Products */,
				3A479A22219EC90F00658192 /* Frameworks */,
				CB4C47998E80FC59C859CC4C /* Pods */,
			);
			sourceTree = "<group>";
		};
		3ACDA7E02199E437007019FC /* Products */ = {
			isa = PBXGroup;
			children = (
				3ACDA7DF2199E437007019FC /* Eateries.app */,
			);
			name = Products;
			sourceTree = "<group>";
		};
		3ACDA7E12199E437007019FC /* Eateries */ = {
			isa = PBXGroup;
			children = (
				3ACDA7E22199E437007019FC /* AppDelegate.swift */,
				3A7CE16421A0410800A82E77 /* CoreDataStack.swift */,
				3A2D95E221B5849100960864 /* ErrorManager.swift */,
				3ACDA7E62199E437007019FC /* Main.storyboard */,
				3A2D95E921B7BD3700960864 /* Afisha */,
				3A7CE16F21A4B44A00A82E77 /* AboutUsTableViewController.swift */,
				3A7CE17121A4BA2A00A82E77 /* WebViewController.swift */,
				3A7CE16E21A4802700A82E77 /* Page */,
				3A479A25219EE13D00658192 /* NewEateryTableViewController.swift */,
				3A479A20219EC84500658192 /* MapViewController.swift */,
				3A479A1E219E2E5300658192 /* RateViewController.swift */,
				3ACDA7F42199E510007019FC /* EateriesTableViewController.swift */,
				3A7225A7219B1704009B65AE /* EateriesTableViewCell.swift */,
				3A7CE16621A044D900A82E77 /* Eateries.xcdatamodeld */,
				3A479A1D219DDB2C00658192 /* Detail */,
				3ACDA7E92199E438007019FC /* Assets.xcassets */,
				3ACDA7EB2199E438007019FC /* LaunchScreen.storyboard */,
				3ACDA7EE2199E438007019FC /* Info.plist */,
			);
			path = Eateries;
			sourceTree = "<group>";
		};
		CB4C47998E80FC59C859CC4C /* Pods */ = {
			isa = PBXGroup;
			children = (
				4CD4CF5B1690E5522445682A /* Pods-Eateries.debug.xcconfig */,
				FB35B36251F0BE23C6CB108C /* Pods-Eateries.release.xcconfig */,
			);
			name = Pods;
			sourceTree = "<group>";
		};
/* End PBXGroup section */

/* Begin PBXNativeTarget section */
		3ACDA7DE2199E437007019FC /* Eateries */ = {
			isa = PBXNativeTarget;
			buildConfigurationList = 3ACDA7F12199E438007019FC /* Build configuration list for PBXNativeTarget "Eateries" */;
			buildPhases = (
				E7E78C9EE38E430AB07F2866 /* [CP] Check Pods Manifest.lock */,
				3ACDA7DB2199E437007019FC /* Sources */,
				3ACDA7DC2199E437007019FC /* Frameworks */,
				3ACDA7DD2199E437007019FC /* Resources */,
				75E9FC5EBF7F7522BC0F8D7E /* [CP] Embed Pods Frameworks */,
			);
			buildRules = (
			);
			dependencies = (
			);
			name = Eateries;
			productName = Eateries;
			productReference = 3ACDA7DF2199E437007019FC /* Eateries.app */;
			productType = "com.apple.product-type.application";
		};
/* End PBXNativeTarget section */

/* Begin PBXProject section */
		3ACDA7D72199E437007019FC /* Project object */ = {
			isa = PBXProject;
			attributes = {
				LastSwiftUpdateCheck = 1000;
				LastUpgradeCheck = 1000;
				ORGANIZATIONNAME = "Хакан Абулов";
				TargetAttributes = {
					3ACDA7DE2199E437007019FC = {
						CreatedOnToolsVersion = 10.0;
						SystemCapabilities = {
							com.apple.Maps.iOS = {
								enabled = 1;
							};
						};
					};
				};
			};
			buildConfigurationList = 3ACDA7DA2199E437007019FC /* Build configuration list for PBXProject "Eateries" */;
			compatibilityVersion = "Xcode 9.3";
			developmentRegion = en;
			hasScannedForEncodings = 0;
			knownRegions = (
				en,
				Base,
			);
			mainGroup = 3ACDA7D62199E437007019FC;
			productRefGroup = 3ACDA7E02199E437007019FC /* Products */;
			projectDirPath = "";
			projectRoot = "";
			targets = (
				3ACDA7DE2199E437007019FC /* Eateries */,
			);
		};
/* End PBXProject section */

/* Begin PBXResourcesBuildPhase section */
		3ACDA7DD2199E437007019FC /* Resources */ = {
			isa = PBXResourcesBuildPhase;
			buildActionMask = 2147483647;
			files = (
				3ACDA7ED2199E438007019FC /* LaunchScreen.storyboard in Resources */,
				3ACDA7EA2199E438007019FC /* Assets.xcassets in Resources */,
				3ACDA7E82199E437007019FC /* Main.storyboard in Resources */,
			);
			runOnlyForDeploymentPostprocessing = 0;
		};
/* End PBXResourcesBuildPhase section */

/* Begin PBXShellScriptBuildPhase section */
		75E9FC5EBF7F7522BC0F8D7E /* [CP] Embed Pods Frameworks */ = {
			isa = PBXShellScriptBuildPhase;
			buildActionMask = 2147483647;
			files = (
			);
			inputFileListPaths = (
			);
			inputPaths = (
				"${SRCROOT}/Pods/Target Support Files/Pods-Eateries/Pods-Eateries-frameworks.sh",
				"${BUILT_PRODUCTS_DIR}/Alamofire/Alamofire.framework",
				"${BUILT_PRODUCTS_DIR}/AlamofireImage/AlamofireImage.framework",
			);
			name = "[CP] Embed Pods Frameworks";
			outputFileListPaths = (
			);
			outputPaths = (
				"${TARGET_BUILD_DIR}/${FRAMEWORKS_FOLDER_PATH}/Alamofire.framework",
				"${TARGET_BUILD_DIR}/${FRAMEWORKS_FOLDER_PATH}/AlamofireImage.framework",
			);
			runOnlyForDeploymentPostprocessing = 0;
			shellPath = /bin/sh;
			shellScript = "\"${SRCROOT}/Pods/Target Support Files/Pods-Eateries/Pods-Eateries-frameworks.sh\"\n";
			showEnvVarsInLog = 0;
		};
		E7E78C9EE38E430AB07F2866 /* [CP] Check Pods Manifest.lock */ = {
			isa = PBXShellScriptBuildPhase;
			buildActionMask = 2147483647;
			files = (
			);
			inputFileListPaths = (
			);
			inputPaths = (
				"${PODS_PODFILE_DIR_PATH}/Podfile.lock",
				"${PODS_ROOT}/Manifest.lock",
			);
			name = "[CP] Check Pods Manifest.lock";
			outputFileListPaths = (
			);
			outputPaths = (
				"$(DERIVED_FILE_DIR)/Pods-Eateries-checkManifestLockResult.txt",
			);
			runOnlyForDeploymentPostprocessing = 0;
			shellPath = /bin/sh;
			shellScript = "diff \"${PODS_PODFILE_DIR_PATH}/Podfile.lock\" \"${PODS_ROOT}/Manifest.lock\" > /dev/null\nif [ $? != 0 ] ; then\n    # print error to STDERR\n    echo \"error: The sandbox is not in sync with the Podfile.lock. Run 'pod install' or update your CocoaPods installation.\" >&2\n    exit 1\nfi\n# This output is used by Xcode 'outputs' to avoid re-running this script phase.\necho \"SUCCESS\" > \"${SCRIPT_OUTPUT_FILE_0}\"\n";
			showEnvVarsInLog = 0;
		};
/* End PBXShellScriptBuildPhase section */

/* Begin PBXSourcesBuildPhase section */
		3ACDA7DB2199E437007019FC /* Sources */ = {
			isa = PBXSourcesBuildPhase;
			buildActionMask = 2147483647;
			files = (
				3A2D95E321B5849100960864 /* ErrorManager.swift in Sources */,
				3A2D95E121B57C5300960864 /* RestaurantAPIManager.swift in Sources */,
				3A2D95DF21B57B4D00960864 /* APIManager.swift in Sources */,
				3A479A1C219DDB1300658192 /* EateryDetailTableViewCell.swift in Sources */,
				3A4C49ED21C2DC8000E5757A /* AfishaDetailViewController.swift in Sources */,
				3A7CE16821A044D900A82E77 /* Eateries.xcdatamodeld in Sources */,
				3ACDA7E32199E437007019FC /* AppDelegate.swift in Sources */,
				3A7CE17421A4C44700A82E77 /* AfishaViewController.swift in Sources */,
				3A7CE17021A4B44A00A82E77 /* AboutUsTableViewController.swift in Sources */,
				3A7CE16C21A47FFB00A82E77 /* PageViewController.swift in Sources */,
				3ACDA7F52199E510007019FC /* EateriesTableViewController.swift in Sources */,
				3A479A18219DC45200658192 /* EateryDetailViewController.swift in Sources */,
				3A7CE16521A0410800A82E77 /* CoreDataStack.swift in Sources */,
				3A7225A8219B1704009B65AE /* EateriesTableViewCell.swift in Sources */,
				3A479A26219EE13D00658192 /* NewEateryTableViewController.swift in Sources */,
				3A7CE16A21A47FDD00A82E77 /* ContentViewController.swift in Sources */,
				3A2D95E721B7BB6D00960864 /* AfishaTableViewCell.swift in Sources */,
				3A2D95E521B587F200960864 /* RestaurantAfisha.swift in Sources */,
				3A7CE17221A4BA2A00A82E77 /* WebViewController.swift in Sources */,
				3A479A1F219E2E5300658192 /* RateViewController.swift in Sources */,
				3A479A21219EC84500658192 /* MapViewController.swift in Sources */,
			);
			runOnlyForDeploymentPostprocessing = 0;
		};
/* End PBXSourcesBuildPhase section */

/* Begin PBXVariantGroup section */
		3ACDA7E62199E437007019FC /* Main.storyboard */ = {
			isa = PBXVariantGroup;
			children = (
				3ACDA7E72199E437007019FC /* Base */,
			);
			name = Main.storyboard;
			sourceTree = "<group>";
		};
		3ACDA7EB2199E438007019FC /* LaunchScreen.storyboard */ = {
			isa = PBXVariantGroup;
			children = (
				3ACDA7EC2199E438007019FC /* Base */,
			);
			name = LaunchScreen.storyboard;
			sourceTree = "<group>";
		};
/* End PBXVariantGroup section */

/* Begin XCBuildConfiguration section */
		3ACDA7EF2199E438007019FC /* Debug */ = {
			isa = XCBuildConfiguration;
			buildSettings = {
				ALWAYS_SEARCH_USER_PATHS = NO;
				CLANG_ANALYZER_NONNULL = YES;
				CLANG_ANALYZER_NUMBER_OBJECT_CONVERSION = YES_AGGRESSIVE;
				CLANG_CXX_LANGUAGE_STANDARD = "gnu++14";
				CLANG_CXX_LIBRARY = "libc++";
				CLANG_ENABLE_MODULES = YES;
				CLANG_ENABLE_OBJC_ARC = YES;
				CLANG_ENABLE_OBJC_WEAK = YES;
				CLANG_WARN_BLOCK_CAPTURE_AUTORELEASING = YES;
				CLANG_WARN_BOOL_CONVERSION = YES;
				CLANG_WARN_COMMA = YES;
				CLANG_WARN_CONSTANT_CONVERSION = YES;
				CLANG_WARN_DEPRECATED_OBJC_IMPLEMENTATIONS = YES;
				CLANG_WARN_DIRECT_OBJC_ISA_USAGE = YES_ERROR;
				CLANG_WARN_DOCUMENTATION_COMMENTS = YES;
				CLANG_WARN_EMPTY_BODY = YES;
				CLANG_WARN_ENUM_CONVERSION = YES;
				CLANG_WARN_INFINITE_RECURSION = YES;
				CLANG_WARN_INT_CONVERSION = YES;
				CLANG_WARN_NON_LITERAL_NULL_CONVERSION = YES;
				CLANG_WARN_OBJC_IMPLICIT_RETAIN_SELF = YES;
				CLANG_WARN_OBJC_LITERAL_CONVERSION = YES;
				CLANG_WARN_OBJC_ROOT_CLASS = YES_ERROR;
				CLANG_WARN_RANGE_LOOP_ANALYSIS = YES;
				CLANG_WARN_STRICT_PROTOTYPES = YES;
				CLANG_WARN_SUSPICIOUS_MOVE = YES;
				CLANG_WARN_UNGUARDED_AVAILABILITY = YES_AGGRESSIVE;
				CLANG_WARN_UNREACHABLE_CODE = YES;
				CLANG_WARN__DUPLICATE_METHOD_MATCH = YES;
				CODE_SIGN_IDENTITY = "iPhone Developer";
				COPY_PHASE_STRIP = NO;
				DEBUG_INFORMATION_FORMAT = dwarf;
				ENABLE_STRICT_OBJC_MSGSEND = YES;
				ENABLE_TESTABILITY = YES;
				GCC_C_LANGUAGE_STANDARD = gnu11;
				GCC_DYNAMIC_NO_PIC = NO;
				GCC_NO_COMMON_BLOCKS = YES;
				GCC_OPTIMIZATION_LEVEL = 0;
				GCC_PREPROCESSOR_DEFINITIONS = (
					"DEBUG=1",
					"$(inherited)",
				);
				GCC_WARN_64_TO_32_BIT_CONVERSION = YES;
				GCC_WARN_ABOUT_RETURN_TYPE = YES_ERROR;
				GCC_WARN_UNDECLARED_SELECTOR = YES;
				GCC_WARN_UNINITIALIZED_AUTOS = YES_AGGRESSIVE;
				GCC_WARN_UNUSED_FUNCTION = YES;
				GCC_WARN_UNUSED_VARIABLE = YES;
				IPHONEOS_DEPLOYMENT_TARGET = 12.0;
				MTL_ENABLE_DEBUG_INFO = INCLUDE_SOURCE;
				MTL_FAST_MATH = YES;
				ONLY_ACTIVE_ARCH = YES;
				SDKROOT = iphoneos;
				SWIFT_ACTIVE_COMPILATION_CONDITIONS = DEBUG;
				SWIFT_OPTIMIZATION_LEVEL = "-Onone";
			};
			name = Debug;
		};
		3ACDA7F02199E438007019FC /* Release */ = {
			isa = XCBuildConfiguration;
			buildSettings = {
				ALWAYS_SEARCH_USER_PATHS = NO;
				CLANG_ANALYZER_NONNULL = YES;
				CLANG_ANALYZER_NUMBER_OBJECT_CONVERSION = YES_AGGRESSIVE;
				CLANG_CXX_LANGUAGE_STANDARD = "gnu++14";
				CLANG_CXX_LIBRARY = "libc++";
				CLANG_ENABLE_MODULES = YES;
				CLANG_ENABLE_OBJC_ARC = YES;
				CLANG_ENABLE_OBJC_WEAK = YES;
				CLANG_WARN_BLOCK_CAPTURE_AUTORELEASING = YES;
				CLANG_WARN_BOOL_CONVERSION = YES;
				CLANG_WARN_COMMA = YES;
				CLANG_WARN_CONSTANT_CONVERSION = YES;
				CLANG_WARN_DEPRECATED_OBJC_IMPLEMENTATIONS = YES;
				CLANG_WARN_DIRECT_OBJC_ISA_USAGE = YES_ERROR;
				CLANG_WARN_DOCUMENTATION_COMMENTS = YES;
				CLANG_WARN_EMPTY_BODY = YES;
				CLANG_WARN_ENUM_CONVERSION = YES;
				CLANG_WARN_INFINITE_RECURSION = YES;
				CLANG_WARN_INT_CONVERSION = YES;
				CLANG_WARN_NON_LITERAL_NULL_CONVERSION = YES;
				CLANG_WARN_OBJC_IMPLICIT_RETAIN_SELF = YES;
				CLANG_WARN_OBJC_LITERAL_CONVERSION = YES;
				CLANG_WARN_OBJC_ROOT_CLASS = YES_ERROR;
				CLANG_WARN_RANGE_LOOP_ANALYSIS = YES;
				CLANG_WARN_STRICT_PROTOTYPES = YES;
				CLANG_WARN_SUSPICIOUS_MOVE = YES;
				CLANG_WARN_UNGUARDED_AVAILABILITY = YES_AGGRESSIVE;
				CLANG_WARN_UNREACHABLE_CODE = YES;
				CLANG_WARN__DUPLICATE_METHOD_MATCH = YES;
				CODE_SIGN_IDENTITY = "iPhone Developer";
				COPY_PHASE_STRIP = NO;
				DEBUG_INFORMATION_FORMAT = "dwarf-with-dsym";
				ENABLE_NS_ASSERTIONS = NO;
				ENABLE_STRICT_OBJC_MSGSEND = YES;
				GCC_C_LANGUAGE_STANDARD = gnu11;
				GCC_NO_COMMON_BLOCKS = YES;
				GCC_WARN_64_TO_32_BIT_CONVERSION = YES;
				GCC_WARN_ABOUT_RETURN_TYPE = YES_ERROR;
				GCC_WARN_UNDECLARED_SELECTOR = YES;
				GCC_WARN_UNINITIALIZED_AUTOS = YES_AGGRESSIVE;
				GCC_WARN_UNUSED_FUNCTION = YES;
				GCC_WARN_UNUSED_VARIABLE = YES;
				IPHONEOS_DEPLOYMENT_TARGET = 12.0;
				MTL_ENABLE_DEBUG_INFO = NO;
				MTL_FAST_MATH = YES;
				SDKROOT = iphoneos;
				SWIFT_COMPILATION_MODE = wholemodule;
				SWIFT_OPTIMIZATION_LEVEL = "-O";
				VALIDATE_PRODUCT = YES;
			};
			name = Release;
		};
		3ACDA7F22199E438007019FC /* Debug */ = {
			isa = XCBuildConfiguration;
			baseConfigurationReference = 4CD4CF5B1690E5522445682A /* Pods-Eateries.debug.xcconfig */;
			buildSettings = {
				ASSETCATALOG_COMPILER_APPICON_NAME = AppIcon;
				CODE_SIGN_STYLE = Automatic;
				DEVELOPMENT_TEAM = BZ3LH6XYZ9;
				INFOPLIST_FILE = Eateries/Info.plist;
				LD_RUNPATH_SEARCH_PATHS = (
					"$(inherited)",
					"@executable_path/Frameworks",
				);
				PRODUCT_BUNDLE_IDENTIFIER = Khakan.Eateries;
				PRODUCT_NAME = "$(TARGET_NAME)";
				SWIFT_VERSION = 4.2;
				TARGETED_DEVICE_FAMILY = "1,2";
			};
			name = Debug;
		};
		3ACDA7F32199E438007019FC /* Release */ = {
			isa = XCBuildConfiguration;
			baseConfigurationReference = FB35B36251F0BE23C6CB108C /* Pods-Eateries.release.xcconfig */;
			buildSettings = {
				ASSETCATALOG_COMPILER_APPICON_NAME = AppIcon;
				CODE_SIGN_STYLE = Automatic;
				DEVELOPMENT_TEAM = BZ3LH6XYZ9;
				INFOPLIST_FILE = Eateries/Info.plist;
				LD_RUNPATH_SEARCH_PATHS = (
					"$(inherited)",
					"@executable_path/Frameworks",
				);
				PRODUCT_BUNDLE_IDENTIFIER = Khakan.Eateries;
				PRODUCT_NAME = "$(TARGET_NAME)";
				SWIFT_VERSION = 4.2;
				TARGETED_DEVICE_FAMILY = "1,2";
			};
			name = Release;
		};
/* End XCBuildConfiguration section */

/* Begin XCConfigurationList section */
		3ACDA7DA2199E437007019FC /* Build configuration list for PBXProject "Eateries" */ = {
			isa = XCConfigurationList;
			buildConfigurations = (
				3ACDA7EF2199E438007019FC /* Debug */,
				3ACDA7F02199E438007019FC /* Release */,
			);
			defaultConfigurationIsVisible = 0;
			defaultConfigurationName = Release;
		};
		3ACDA7F12199E438007019FC /* Build configuration list for PBXNativeTarget "Eateries" */ = {
			isa = XCConfigurationList;
			buildConfigurations = (
				3ACDA7F22199E438007019FC /* Debug */,
				3ACDA7F32199E438007019FC /* Release */,
			);
			defaultConfigurationIsVisible = 0;
			defaultConfigurationName = Release;
		};
/* End XCConfigurationList section */

/* Begin XCVersionGroup section */
		3A7CE16621A044D900A82E77 /* Eateries.xcdatamodeld */ = {
			isa = XCVersionGroup;
			children = (
				3A7CE16721A044D900A82E77 /* Eateries.xcdatamodel */,
			);
			currentVersion = 3A7CE16721A044D900A82E77 /* Eateries.xcdatamodel */;
			path = Eateries.xcdatamodeld;
			sourceTree = "<group>";
			versionGroupType = wrapper.xcdatamodel;
		};
/* End XCVersionGroup section */
	};
	rootObject = 3ACDA7D72199E437007019FC /* Project object */;
}
