// !$*UTF8*$!
{
	archiveVersion = 1;
	classes = {
	};
	objectVersion = 50;
	objects = {

/* Begin PBXBuildFile section */
		3A479A18219DC45200658192 /* EateryDetailViewController.swift in Sources */ = {isa = PBXBuildFile; fileRef = 3A479A17219DC45200658192 /* EateryDetailViewController.swift */; };
		3A479A1C219DDB1300658192 /* EateryDetailTableViewCell.swift in Sources */ = {isa = PBXBuildFile; fileRef = 3A479A1B219DDB1300658192 /* EateryDetailTableViewCell.swift */; };
		3A479A1F219E2E5300658192 /* RateViewController.swift in Sources */ = {isa = PBXBuildFile; fileRef = 3A479A1E219E2E5300658192 /* RateViewController.swift */; };
		3A479A21219EC84500658192 /* MapViewController.swift in Sources */ = {isa = PBXBuildFile; fileRef = 3A479A20219EC84500658192 /* MapViewController.swift */; };
		3A479A24219EC90F00658192 /* MapKit.framework in Frameworks */ = {isa = PBXBuildFile; fileRef = 3A479A23219EC90F00658192 /* MapKit.framework */; };
		3A479A26219EE13D00658192 /* NewEateryTableViewController.swift in Sources */ = {isa = PBXBuildFile; fileRef = 3A479A25219EE13D00658192 /* NewEateryTableViewController.swift */; };
		3A7225A8219B1704009B65AE /* EateriesTableViewCell.swift in Sources */ = {isa = PBXBuildFile; fileRef = 3A7225A7219B1704009B65AE /* EateriesTableViewCell.swift */; };
		3A7CE16521A0410800A82E77 /* CoreDataStack.swift in Sources */ = {isa = PBXBuildFile; fileRef = 3A7CE16421A0410800A82E77 /* CoreDataStack.swift */; };
		3A7CE16821A044D900A82E77 /* Eateries.xcdatamodeld in Sources */ = {isa = PBXBuildFile; fileRef = 3A7CE16621A044D900A82E77 /* Eateries.xcdatamodeld */; };
		3ACDA7E32199E437007019FC /* AppDelegate.swift in Sources */ = {isa = PBXBuildFile; fileRef = 3ACDA7E22199E437007019FC /* AppDelegate.swift */; };
		3ACDA7E82199E437007019FC /* Main.storyboard in Resources */ = {isa = PBXBuildFile; fileRef = 3ACDA7E62199E437007019FC /* Main.storyboard */; };
		3ACDA7EA2199E438007019FC /* Assets.xcassets in Resources */ = {isa = PBXBuildFile; fileRef = 3ACDA7E92199E438007019FC /* Assets.xcassets */; };
		3ACDA7ED2199E438007019FC /* LaunchScreen.storyboard in Resources */ = {isa = PBXBuildFile; fileRef = 3ACDA7EB2199E438007019FC /* LaunchScreen.storyboard */; };
		3ACDA7F52199E510007019FC /* EateriesTableViewController.swift in Sources */ = {isa = PBXBuildFile; fileRef = 3ACDA7F42199E510007019FC /* EateriesTableViewController.swift */; };
/* End PBXBuildFile section */

/* Begin PBXFileReference section */
		3A479A17219DC45200658192 /* EateryDetailViewController.swift */ = {isa = PBXFileReference; lastKnownFileType = sourcecode.swift; path = EateryDetailViewController.swift; sourceTree = "<group>"; };
		3A479A1B219DDB1300658192 /* EateryDetailTableViewCell.swift */ = {isa = PBXFileReference; lastKnownFileType = sourcecode.swift; path = EateryDetailTableViewCell.swift; sourceTree = "<group>"; };
		3A479A1E219E2E5300658192 /* RateViewController.swift */ = {isa = PBXFileReference; lastKnownFileType = sourcecode.swift; path = RateViewController.swift; sourceTree = "<group>"; };
		3A479A20219EC84500658192 /* MapViewController.swift */ = {isa = PBXFileReference; lastKnownFileType = sourcecode.swift; path = MapViewController.swift; sourceTree = "<group>"; };
		3A479A23219EC90F00658192 /* MapKit.framework */ = {isa = PBXFileReference; lastKnownFileType = wrapper.framework; name = MapKit.framework; path = System/Library/Frameworks/MapKit.framework; sourceTree = SDKROOT; };
		3A479A25219EE13D00658192 /* NewEateryTableViewController.swift */ = {isa = PBXFileReference; lastKnownFileType = sourcecode.swift; path = NewEateryTableViewController.swift; sourceTree = "<group>"; };
		3A7225A7219B1704009B65AE /* EateriesTableViewCell.swift */ = {isa = PBXFileReference; lastKnownFileType = sourcecode.swift; path = EateriesTableViewCell.swift; sourceTree = "<group>"; };
		3A7CE16421A0410800A82E77 /* CoreDataStack.swift */ = {isa = PBXFileReference; lastKnownFileType = sourcecode.swift; path = CoreDataStack.swift; sourceTree = "<group>"; };
		3A7CE16721A044D900A82E77 /* Eateries.xcdatamodel */ = {isa = PBXFileReference; lastKnownFileType = wrapper.xcdatamodel; path = Eateries.xcdatamodel; sourceTree = "<group>"; };
		3ACDA7DF2199E437007019FC /* Eateries.app */ = {isa = PBXFileReference; explicitFileType = wrapper.application; includeInIndex = 0; path = Eateries.app; sourceTree = BUILT_PRODUCTS_DIR; };
		3ACDA7E22199E437007019FC /* AppDelegate.swift */ = {isa = PBXFileReference; lastKnownFileType = sourcecode.swift; path = AppDelegate.swift; sourceTree = "<group>"; };
		3ACDA7E72199E437007019FC /* Base */ = {isa = PBXFileReference; lastKnownFileType = file.storyboard; name = Base; path = Base.lproj/Main.storyboard; sourceTree = "<group>"; };
		3ACDA7E92199E438007019FC /* Assets.xcassets */ = {isa = PBXFileReference; lastKnownFileType = folder.assetcatalog; path = Assets.xcassets; sourceTree = "<group>"; };
		3ACDA7EC2199E438007019FC /* Base */ = {isa = PBXFileReference; lastKnownFileType = file.storyboard; name = Base; path = Base.lproj/LaunchScreen.storyboard; sourceTree = "<group>"; };
		3ACDA7EE2199E438007019FC /* Info.plist */ = {isa = PBXFileReference; lastKnownFileType = text.plist.xml; path = Info.plist; sourceTree = "<group>"; };
		3ACDA7F42199E510007019FC /* EateriesTableViewController.swift */ = {isa = PBXFileReference; lastKnownFileType = sourcecode.swift; path = EateriesTableViewController.swift; sourceTree = "<group>"; };
/* End PBXFileReference section */

/* Begin PBXFrameworksBuildPhase section */
		3ACDA7DC2199E437007019FC /* Frameworks */ = {
			isa = PBXFrameworksBuildPhase;
			buildActionMask = 2147483647;
			files = (
				3A479A24219EC90F00658192 /* MapKit.framework in Frameworks */,
			);
			runOnlyForDeploymentPostprocessing = 0;
		};
/* End PBXFrameworksBuildPhase section */

/* Begin PBXGroup section */
		3A479A1D219DDB2C00658192 /* Detail */ = {
			isa = PBXGroup;
			children = (
				3A479A17219DC45200658192 /* EateryDetailViewController.swift */,
				3A479A1B219DDB1300658192 /* EateryDetailTableViewCell.swift */,
			);
			path = Detail;
			sourceTree = "<group>";
		};
		3A479A22219EC90F00658192 /* Frameworks */ = {
			isa = PBXGroup;
			children = (
				3A479A23219EC90F00658192 /* MapKit.framework */,
			);
			name = Frameworks;
			sourceTree = "<group>";
		};
		3ACDA7D62199E437007019FC = {
			isa = PBXGroup;
			children = (
				3ACDA7E12199E437007019FC /* Eateries */,
				3ACDA7E02199E437007019FC /* Products */,
				3A479A22219EC90F00658192 /* Frameworks */,
			);
			sourceTree = "<group>";
		};
		3ACDA7E02199E437007019FC /* Products */ = {
			isa = PBXGroup;
			children = (
				3ACDA7DF2199E437007019FC /* Eateries.app */,
			);
			name = Products;
			sourceTree = "<group>";
		};
		3ACDA7E12199E437007019FC /* Eateries */ = {
			isa = PBXGroup;
			children = (
				3ACDA7E22199E437007019FC /* AppDelegate.swift */,
				3A7CE16421A0410800A82E77 /* CoreDataStack.swift */,
				3ACDA7E62199E437007019FC /* Main.storyboard */,
				3A479A25219EE13D00658192 /* NewEateryTableViewController.swift */,
				3A479A20219EC84500658192 /* MapViewController.swift */,
				3A479A1E219E2E5300658192 /* RateViewController.swift */,
				3ACDA7F42199E510007019FC /* EateriesTableViewController.swift */,
				3A7225A7219B1704009B65AE /* EateriesTableViewCell.swift */,
				3A7CE16621A044D900A82E77 /* Eateries.xcdatamodeld */,
				3A479A1D219DDB2C00658192 /* Detail */,
				3ACDA7E92199E438007019FC /* Assets.xcassets */,
				3ACDA7EB2199E438007019FC /* LaunchScreen.storyboard */,
				3ACDA7EE2199E438007019FC /* Info.plist */,
			);
			path = Eateries;
			sourceTree = "<group>";
		};
/* End PBXGroup section */

/* Begin PBXNativeTarget section */
		3ACDA7DE2199E437007019FC /* Eateries */ = {
			isa = PBXNativeTarget;
			buildConfigurationList = 3ACDA7F12199E438007019FC /* Build configuration list for PBXNativeTarget "Eateries" */;
			buildPhases = (
				3ACDA7DB2199E437007019FC /* Sources */,
				3ACDA7DC2199E437007019FC /* Frameworks */,
				3ACDA7DD2199E437007019FC /* Resources */,
			);
			buildRules = (
			);
			dependencies = (
			);
			name = Eateries;
			productName = Eateries;
			productReference = 3ACDA7DF2199E437007019FC /* Eateries.app */;
			productType = "com.apple.product-type.application";
		};
/* End PBXNativeTarget section */

/* Begin PBXProject section */
		3ACDA7D72199E437007019FC /* Project object */ = {
			isa = PBXProject;
			attributes = {
				LastSwiftUpdateCheck = 1000;
				LastUpgradeCheck = 1000;
				ORGANIZATIONNAME = "Хакан Абулов";
				TargetAttributes = {
					3ACDA7DE2199E437007019FC = {
						CreatedOnToolsVersion = 10.0;
						SystemCapabilities = {
							com.apple.Maps.iOS = {
								enabled = 1;
							};
						};
					};
				};
			};
			buildConfigurationList = 3ACDA7DA2199E437007019FC /* Build configuration list for PBXProject "Eateries" */;
			compatibilityVersion = "Xcode 9.3";
			developmentRegion = en;
			hasScannedForEncodings = 0;
			knownRegions = (
				en,
				Base,
			);
			mainGroup = 3ACDA7D62199E437007019FC;
			productRefGroup = 3ACDA7E02199E437007019FC /* Products */;
			projectDirPath = "";
			projectRoot = "";
			targets = (
				3ACDA7DE2199E437007019FC /* Eateries */,
			);
		};
/* End PBXProject section */

/* Begin PBXResourcesBuildPhase section */
		3ACDA7DD2199E437007019FC /* Resources */ = {
			isa = PBXResourcesBuildPhase;
			buildActionMask = 2147483647;
			files = (
				3ACDA7ED2199E438007019FC /* LaunchScreen.storyboard in Resources */,
				3ACDA7EA2199E438007019FC /* Assets.xcassets in Resources */,
				3ACDA7E82199E437007019FC /* Main.storyboard in Resources */,
			);
			runOnlyForDeploymentPostprocessing = 0;
		};
/* End PBXResourcesBuildPhase section */

/* Begin PBXSourcesBuildPhase section */
		3ACDA7DB2199E437007019FC /* Sources */ = {
			isa = PBXSourcesBuildPhase;
			buildActionMask = 2147483647;
			files = (
				3A479A1C219DDB1300658192 /* EateryDetailTableViewCell.swift in Sources */,
				3A7CE16821A044D900A82E77 /* Eateries.xcdatamodeld in Sources */,
				3ACDA7E32199E437007019FC /* AppDelegate.swift in Sources */,
				3ACDA7F52199E510007019FC /* EateriesTableViewController.swift in Sources */,
				3A479A18219DC45200658192 /* EateryDetailViewController.swift in Sources */,
				3A7CE16521A0410800A82E77 /* CoreDataStack.swift in Sources */,
				3A7225A8219B1704009B65AE /* EateriesTableViewCell.swift in Sources */,
				3A479A26219EE13D00658192 /* NewEateryTableViewController.swift in Sources */,
				3A479A1F219E2E5300658192 /* RateViewController.swift in Sources */,
				3A479A21219EC84500658192 /* MapViewController.swift in Sources */,
			);
			runOnlyForDeploymentPostprocessing = 0;
		};
/* End PBXSourcesBuildPhase section */

/* Begin PBXVariantGroup section */
		3ACDA7E62199E437007019FC /* Main.storyboard */ = {
			isa = PBXVariantGroup;
			children = (
				3ACDA7E72199E437007019FC /* Base */,
			);
			name = Main.storyboard;
			sourceTree = "<group>";
		};
		3ACDA7EB2199E438007019FC /* LaunchScreen.storyboard */ = {
			isa = PBXVariantGroup;
			children = (
				3ACDA7EC2199E438007019FC /* Base */,
			);
			name = LaunchScreen.storyboard;
			sourceTree = "<group>";
		};
/* End PBXVariantGroup section */

/* Begin XCBuildConfiguration section */
		3ACDA7EF2199E438007019FC /* Debug */ = {
			isa = XCBuildConfiguration;
			buildSettings = {
				ALWAYS_SEARCH_USER_PATHS = NO;
				CLANG_ANALYZER_NONNULL = YES;
				CLANG_ANALYZER_NUMBER_OBJECT_CONVERSION = YES_AGGRESSIVE;
				CLANG_CXX_LANGUAGE_STANDARD = "gnu++14";
				CLANG_CXX_LIBRARY = "libc++";
				CLANG_ENABLE_MODULES = YES;
				CLANG_ENABLE_OBJC_ARC = YES;
				CLANG_ENABLE_OBJC_WEAK = YES;
				CLANG_WARN_BLOCK_CAPTURE_AUTORELEASING = YES;
				CLANG_WARN_BOOL_CONVERSION = YES;
				CLANG_WARN_COMMA = YES;
				CLANG_WARN_CONSTANT_CONVERSION = YES;
				CLANG_WARN_DEPRECATED_OBJC_IMPLEMENTATIONS = YES;
				CLANG_WARN_DIRECT_OBJC_ISA_USAGE = YES_ERROR;
				CLANG_WARN_DOCUMENTATION_COMMENTS = YES;
				CLANG_WARN_EMPTY_BODY = YES;
				CLANG_WARN_ENUM_CONVERSION = YES;
				CLANG_WARN_INFINITE_RECURSION = YES;
				CLANG_WARN_INT_CONVERSION = YES;
				CLANG_WARN_NON_LITERAL_NULL_CONVERSION = YES;
				CLANG_WARN_OBJC_IMPLICIT_RETAIN_SELF = YES;
				CLANG_WARN_OBJC_LITERAL_CONVERSION = YES;
				CLANG_WARN_OBJC_ROOT_CLASS = YES_ERROR;
				CLANG_WARN_RANGE_LOOP_ANALYSIS = YES;
				CLANG_WARN_STRICT_PROTOTYPES = YES;
				CLANG_WARN_SUSPICIOUS_MOVE = YES;
				CLANG_WARN_UNGUARDED_AVAILABILITY = YES_AGGRESSIVE;
				CLANG_WARN_UNREACHABLE_CODE = YES;
				CLANG_WARN__DUPLICATE_METHOD_MATCH = YES;
				CODE_SIGN_IDENTITY = "iPhone Developer";
				COPY_PHASE_STRIP = NO;
				DEBUG_INFORMATION_FORMAT = dwarf;
				ENABLE_STRICT_OBJC_MSGSEND = YES;
				ENABLE_TESTABILITY = YES;
				GCC_C_LANGUAGE_STANDARD = gnu11;
				GCC_DYNAMIC_NO_PIC = NO;
				GCC_NO_COMMON_BLOCKS = YES;
				GCC_OPTIMIZATION_LEVEL = 0;
				GCC_PREPROCESSOR_DEFINITIONS = (
					"DEBUG=1",
					"$(inherited)",
				);
				GCC_WARN_64_TO_32_BIT_CONVERSION = YES;
				GCC_WARN_ABOUT_RETURN_TYPE = YES_ERROR;
				GCC_WARN_UNDECLARED_SELECTOR = YES;
				GCC_WARN_UNINITIALIZED_AUTOS = YES_AGGRESSIVE;
				GCC_WARN_UNUSED_FUNCTION = YES;
				GCC_WARN_UNUSED_VARIABLE = YES;
				IPHONEOS_DEPLOYMENT_TARGET = 12.0;
				MTL_ENABLE_DEBUG_INFO = INCLUDE_SOURCE;
				MTL_FAST_MATH = YES;
				ONLY_ACTIVE_ARCH = YES;
				SDKROOT = iphoneos;
				SWIFT_ACTIVE_COMPILATION_CONDITIONS = DEBUG;
				SWIFT_OPTIMIZATION_LEVEL = "-Onone";
			};
			name = Debug;
		};
		3ACDA7F02199E438007019FC /* Release */ = {
			isa = XCBuildConfiguration;
			buildSettings = {
				ALWAYS_SEARCH_USER_PATHS = NO;
				CLANG_ANALYZER_NONNULL = YES;
				CLANG_ANALYZER_NUMBER_OBJECT_CONVERSION = YES_AGGRESSIVE;
				CLANG_CXX_LANGUAGE_STANDARD = "gnu++14";
				CLANG_CXX_LIBRARY = "libc++";
				CLANG_ENABLE_MODULES = YES;
				CLANG_ENABLE_OBJC_ARC = YES;
				CLANG_ENABLE_OBJC_WEAK = YES;
				CLANG_WARN_BLOCK_CAPTURE_AUTORELEASING = YES;
				CLANG_WARN_BOOL_CONVERSION = YES;
				CLANG_WARN_COMMA = YES;
				CLANG_WARN_CONSTANT_CONVERSION = YES;
				CLANG_WARN_DEPRECATED_OBJC_IMPLEMENTATIONS = YES;
				CLANG_WARN_DIRECT_OBJC_ISA_USAGE = YES_ERROR;
				CLANG_WARN_DOCUMENTATION_COMMENTS = YES;
				CLANG_WARN_EMPTY_BODY = YES;
				CLANG_WARN_ENUM_CONVERSION = YES;
				CLANG_WARN_INFINITE_RECURSION = YES;
				CLANG_WARN_INT_CONVERSION = YES;
				CLANG_WARN_NON_LITERAL_NULL_CONVERSION = YES;
				CLANG_WARN_OBJC_IMPLICIT_RETAIN_SELF = YES;
				CLANG_WARN_OBJC_LITERAL_CONVERSION = YES;
				CLANG_WARN_OBJC_ROOT_CLASS = YES_ERROR;
				CLANG_WARN_RANGE_LOOP_ANALYSIS = YES;
				CLANG_WARN_STRICT_PROTOTYPES = YES;
				CLANG_WARN_SUSPICIOUS_MOVE = YES;
				CLANG_WARN_UNGUARDED_AVAILABILITY = YES_AGGRESSIVE;
				CLANG_WARN_UNREACHABLE_CODE = YES;
				CLANG_WARN__DUPLICATE_METHOD_MATCH = YES;
				CODE_SIGN_IDENTITY = "iPhone Developer";
				COPY_PHASE_STRIP = NO;
				DEBUG_INFORMATION_FORMAT = "dwarf-with-dsym";
				ENABLE_NS_ASSERTIONS = NO;
				ENABLE_STRICT_OBJC_MSGSEND = YES;
				GCC_C_LANGUAGE_STANDARD = gnu11;
				GCC_NO_COMMON_BLOCKS = YES;
				GCC_WARN_64_TO_32_BIT_CONVERSION = YES;
				GCC_WARN_ABOUT_RETURN_TYPE = YES_ERROR;
				GCC_WARN_UNDECLARED_SELECTOR = YES;
				GCC_WARN_UNINITIALIZED_AUTOS = YES_AGGRESSIVE;
				GCC_WARN_UNUSED_FUNCTION = YES;
				GCC_WARN_UNUSED_VARIABLE = YES;
				IPHONEOS_DEPLOYMENT_TARGET = 12.0;
				MTL_ENABLE_DEBUG_INFO = NO;
				MTL_FAST_MATH = YES;
				SDKROOT = iphoneos;
				SWIFT_COMPILATION_MODE = wholemodule;
				SWIFT_OPTIMIZATION_LEVEL = "-O";
				VALIDATE_PRODUCT = YES;
			};
			name = Release;
		};
		3ACDA7F22199E438007019FC /* Debug */ = {
			isa = XCBuildConfiguration;
			buildSettings = {
				ASSETCATALOG_COMPILER_APPICON_NAME = AppIcon;
				CODE_SIGN_STYLE = Automatic;
				INFOPLIST_FILE = Eateries/Info.plist;
				LD_RUNPATH_SEARCH_PATHS = (
					"$(inherited)",
					"@executable_path/Frameworks",
				);
				PRODUCT_BUNDLE_IDENTIFIER = Khakan.Eateries;
				PRODUCT_NAME = "$(TARGET_NAME)";
				SWIFT_VERSION = 4.2;
				TARGETED_DEVICE_FAMILY = "1,2";
			};
			name = Debug;
		};
		3ACDA7F32199E438007019FC /* Release */ = {
			isa = XCBuildConfiguration;
			buildSettings = {
				ASSETCATALOG_COMPILER_APPICON_NAME = AppIcon;
				CODE_SIGN_STYLE = Automatic;
				INFOPLIST_FILE = Eateries/Info.plist;
				LD_RUNPATH_SEARCH_PATHS = (
					"$(inherited)",
					"@executable_path/Frameworks",
				);
				PRODUCT_BUNDLE_IDENTIFIER = Khakan.Eateries;
				PRODUCT_NAME = "$(TARGET_NAME)";
				SWIFT_VERSION = 4.2;
				TARGETED_DEVICE_FAMILY = "1,2";
			};
			name = Release;
		};
/* End XCBuildConfiguration section */

/* Begin XCConfigurationList section */
		3ACDA7DA2199E437007019FC /* Build configuration list for PBXProject "Eateries" */ = {
			isa = XCConfigurationList;
			buildConfigurations = (
				3ACDA7EF2199E438007019FC /* Debug */,
				3ACDA7F02199E438007019FC /* Release */,
			);
			defaultConfigurationIsVisible = 0;
			defaultConfigurationName = Release;
		};
		3ACDA7F12199E438007019FC /* Build configuration list for PBXNativeTarget "Eateries" */ = {
			isa = XCConfigurationList;
			buildConfigurations = (
				3ACDA7F22199E438007019FC /* Debug */,
				3ACDA7F32199E438007019FC /* Release */,
			);
			defaultConfigurationIsVisible = 0;
			defaultConfigurationName = Release;
		};
/* End XCConfigurationList section */

/* Begin XCVersionGroup section */
		3A7CE16621A044D900A82E77 /* Eateries.xcdatamodeld */ = {
			isa = XCVersionGroup;
			children = (
				3A7CE16721A044D900A82E77 /* Eateries.xcdatamodel */,
			);
			currentVersion = 3A7CE16721A044D900A82E77 /* Eateries.xcdatamodel */;
			path = Eateries.xcdatamodeld;
			sourceTree = "<group>";
			versionGroupType = wrapper.xcdatamodel;
		};
/* End XCVersionGroup section */
	};
	rootObject = 3ACDA7D72199E437007019FC /* Project object */;
}
